
Microsoft Visual Studio Solution File, Format Version 12.00
# Visual Studio Version 17
VisualStudioVersion = 17.9.34723.18
MinimumVisualStudioVersion = 10.0.40219.1
Project("{FAE04EC0-301F-11D3-BF4B-00C04F79EFBC}") = "testGitHub", "testGitHub\testGitHub.csproj", "{219887B7-40C1-40AD-98A7-D73A447F94A3}"
EndProject
Global
	GlobalSection(SolutionConfigurationPlatforms) = preSolution
		Debug|Any CPU = Debug|Any CPU
		Release|Any CPU = Release|Any CPU
	EndGlobalSection
	GlobalSection(ProjectConfigurationPlatforms) = postSolution
		{219887B7-40C1-40AD-98A7-D73A447F94A3}.Debug|Any CPU.ActiveCfg = Debug|Any CPU
		{219887B7-40C1-40AD-98A7-D73A447F94A3}.Debug|Any CPU.Build.0 = Debug|Any CPU
		{219887B7-40C1-40AD-98A7-D73A447F94A3}.Release|Any CPU.ActiveCfg = Release|Any CPU
		{219887B7-40C1-40AD-98A7-D73A447F94A3}.Release|Any CPU.Build.0 = Release|Any CPU
	EndGlobalSection
	GlobalSection(SolutionProperties) = preSolution
		HideSolutionNode = FALSE
	EndGlobalSection
	GlobalSection(ExtensibilityGlobals) = postSolution
		SolutionGuid = {941B0F08-2258-4881-9FA2-2935C6F65D5A}
	EndGlobalSection
EndGlobal
